{
  "requires": true,
  "lockfileVersion": 1,
  "dependencies": {
    "array-shuffle": {
      "version": "3.0.0",
      "resolved": "https://registry.npmjs.org/array-shuffle/-/array-shuffle-3.0.0.tgz",
      "integrity": "sha512-rogEGxHOQPhslOhpg12LJkB+bbAl484/s2AJq0BxtzQDQfKl76fS2u9zWgg3p3b9ENcuvE7K8A7l5ddiPjCRnw=="
    }
  }
}
